PODS:
  - Alamofire (3.4.0)
  - FLAnimatedImage (1.0.12)
  - PINCache (2.2.2)
  - PINRemoteImage (2.1.4):
    - PINRemoteImage/FLAnimatedImage (= 2.1.4)
  - PINRemoteImage/Core (2.1.4):
    - PINCache (>= 2.1)
  - PINRemoteImage/FLAnimatedImage (2.1.4):
    - FLAnimatedImage (>= 1.0)
    - PINRemoteImage/Core
  - RSBarcodes_Swift (0.1.9)
  - SwiftyJSON (2.3.2)

DEPENDENCIES:
  - Alamofire (~> 3.3)
  - PINRemoteImage
  - RSBarcodes_Swift (~> 0.1.9)
  - SwiftyJSON (from `https://github.com/SwiftyJSON/SwiftyJSON.git`)

EXTERNAL SOURCES:
  SwiftyJSON:
    :git: https://github.com/SwiftyJSON/SwiftyJSON.git

CHECKOUT OPTIONS:
  SwiftyJSON:
    :commit: 2a5b70f06001316d4fb54501edc70b4084705da0
    :git: https://github.com/SwiftyJSON/SwiftyJSON.git

SPEC CHECKSUMS:
  Alamofire: c19a627cefd6a95f840401c49ab1f124e07f54ee
  FLAnimatedImage: 4a0b56255d9b05f18b6dd7ee06871be5d3b89e31
  PINCache: 078426d356ab95ef875e9e62e5c35a2ea3333c28
  PINRemoteImage: 4ac4011c5caefd6befd99758e09becede05d3226
  RSBarcodes_Swift: 3c37a05faa0c8742739e1b47eec2f0d3d786330f
  SwiftyJSON: 04ccea08915aa0109039157c7974cf0298da292a

PODFILE CHECKSUM: 66bd5ad4edcb4b37fad1f92fa4b260dacd1cfa43

COCOAPODS: 1.0.1
