// !$*UTF8*$!
{
	archiveVersion = 1;
	classes = {
	};
	objectVersion = 46;
	objects = {

/* Begin PBXBuildFile section */
		0CD7FEE56EC3F8F26E1037B1 /* Pods_Little_LibraryUITests.framework in Frameworks */ = {isa = PBXBuildFile; fileRef = 3507878E76BF4546E049BF8C /* Pods_Little_LibraryUITests.framework */; };
		2310AF591D050402000449ED /* ScanViewController.swift in Sources */ = {isa = PBXBuildFile; fileRef = 2310AF581D050402000449ED /* ScanViewController.swift */; };
		2310AF5A1D050402000449ED /* ScanViewController.swift in Sources */ = {isa = PBXBuildFile; fileRef = 2310AF581D050402000449ED /* ScanViewController.swift */; };
		2310AF5B1D050402000449ED /* ScanViewController.swift in Sources */ = {isa = PBXBuildFile; fileRef = 2310AF581D050402000449ED /* ScanViewController.swift */; };
		2310AF5D1D050ED7000449ED /* UIAlertControllerExtensions.swift in Sources */ = {isa = PBXBuildFile; fileRef = 2310AF5C1D050ED7000449ED /* UIAlertControllerExtensions.swift */; };
		2310AF5E1D050ED7000449ED /* UIAlertControllerExtensions.swift in Sources */ = {isa = PBXBuildFile; fileRef = 2310AF5C1D050ED7000449ED /* UIAlertControllerExtensions.swift */; };
		2310AF5F1D050ED7000449ED /* UIAlertControllerExtensions.swift in Sources */ = {isa = PBXBuildFile; fileRef = 2310AF5C1D050ED7000449ED /* UIAlertControllerExtensions.swift */; };
		2310AF611D051892000449ED /* UIViewControllerExtensions.swift in Sources */ = {isa = PBXBuildFile; fileRef = 2310AF601D051892000449ED /* UIViewControllerExtensions.swift */; };
		2310AF621D051892000449ED /* UIViewControllerExtensions.swift in Sources */ = {isa = PBXBuildFile; fileRef = 2310AF601D051892000449ED /* UIViewControllerExtensions.swift */; };
		2310AF631D051892000449ED /* UIViewControllerExtensions.swift in Sources */ = {isa = PBXBuildFile; fileRef = 2310AF601D051892000449ED /* UIViewControllerExtensions.swift */; };
		2327BEBE1D027AB30011A359 /* AppDelegate.swift in Sources */ = {isa = PBXBuildFile; fileRef = 2327BEBD1D027AB30011A359 /* AppDelegate.swift */; };
		2327BEC31D027AB30011A359 /* Main.storyboard in Resources */ = {isa = PBXBuildFile; fileRef = 2327BEC11D027AB30011A359 /* Main.storyboard */; };
		2327BEC61D027AB30011A359 /* Little_Library.xcdatamodeld in Sources */ = {isa = PBXBuildFile; fileRef = 2327BEC41D027AB30011A359 /* Little_Library.xcdatamodeld */; };
		2327BEC81D027AB30011A359 /* Assets.xcassets in Resources */ = {isa = PBXBuildFile; fileRef = 2327BEC71D027AB30011A359 /* Assets.xcassets */; };
		2327BECB1D027AB30011A359 /* LaunchScreen.storyboard in Resources */ = {isa = PBXBuildFile; fileRef = 2327BEC91D027AB30011A359 /* LaunchScreen.storyboard */; };
		2327BED61D027AB30011A359 /* Little_LibraryTests.swift in Sources */ = {isa = PBXBuildFile; fileRef = 2327BED51D027AB30011A359 /* Little_LibraryTests.swift */; };
		2327BEE11D027AB30011A359 /* Little_LibraryUITests.swift in Sources */ = {isa = PBXBuildFile; fileRef = 2327BEE01D027AB30011A359 /* Little_LibraryUITests.swift */; };
		236C4DF61D0A61390056FDD4 /* LibraryViewController.swift in Sources */ = {isa = PBXBuildFile; fileRef = 236C4DF51D0A61390056FDD4 /* LibraryViewController.swift */; };
		236C4DF81D0A63AB0056FDD4 /* SearchViewController.swift in Sources */ = {isa = PBXBuildFile; fileRef = 236C4DF71D0A63AB0056FDD4 /* SearchViewController.swift */; };
		239C82AD1D1F41B600229FD9 /* Book.swift in Sources */ = {isa = PBXBuildFile; fileRef = 239C82AC1D1F41B600229FD9 /* Book.swift */; };
		239C82AF1D1F41D800229FD9 /* Library.swift in Sources */ = {isa = PBXBuildFile; fileRef = 239C82AE1D1F41D800229FD9 /* Library.swift */; };
		239C82B41D1F4B2B00229FD9 /* NetworkManager.swift in Sources */ = {isa = PBXBuildFile; fileRef = 239C82B31D1F4B2B00229FD9 /* NetworkManager.swift */; };
		239C82B61D1F4B5600229FD9 /* Router.swift in Sources */ = {isa = PBXBuildFile; fileRef = 239C82B51D1F4B5600229FD9 /* Router.swift */; };
		25B5A80E5A632212775D9FC7 /* Pods_Little_LibraryTests.framework in Frameworks */ = {isa = PBXBuildFile; fileRef = F043EFE34060EC918F8CEA65 /* Pods_Little_LibraryTests.framework */; };
		843CC66CF808CFDA2984D80A /* Pods_Little_Library.framework in Frameworks */ = {isa = PBXBuildFile; fileRef = E384E413DE20785DAF782EDF /* Pods_Little_Library.framework */; };
/* End PBXBuildFile section */

/* Begin PBXContainerItemProxy section */
		2327BED21D027AB30011A359 /* PBXContainerItemProxy */ = {
			isa = PBXContainerItemProxy;
			containerPortal = 2327BEB21D027AB30011A359 /* Project object */;
			proxyType = 1;
			remoteGlobalIDString = 2327BEB91D027AB30011A359;
			remoteInfo = "Little-Library";
		};
		2327BEDD1D027AB30011A359 /* PBXContainerItemProxy */ = {
			isa = PBXContainerItemProxy;
			containerPortal = 2327BEB21D027AB30011A359 /* Project object */;
			proxyType = 1;
			remoteGlobalIDString = 2327BEB91D027AB30011A359;
			remoteInfo = "Little-Library";
		};
/* End PBXContainerItemProxy section */

/* Begin PBXFileReference section */
		00DC23131CA27FEF9A7EFF5A /* Pods-Little-LibraryTests.debug.xcconfig */ = {isa = PBXFileReference; includeInIndex = 1; lastKnownFileType = text.xcconfig; name = "Pods-Little-LibraryTests.debug.xcconfig"; path = "Pods/Target Support Files/Pods-Little-LibraryTests/Pods-Little-LibraryTests.debug.xcconfig"; sourceTree = "<group>"; };
		0622B6E4B867C0EEDA65BAC0 /* Pods-Little-LibraryUITests.debug.xcconfig */ = {isa = PBXFileReference; includeInIndex = 1; lastKnownFileType = text.xcconfig; name = "Pods-Little-LibraryUITests.debug.xcconfig"; path = "Pods/Target Support Files/Pods-Little-LibraryUITests/Pods-Little-LibraryUITests.debug.xcconfig"; sourceTree = "<group>"; };
		07D8DE6B5985A59766E43405 /* Pods-Little-Library.release.xcconfig */ = {isa = PBXFileReference; includeInIndex = 1; lastKnownFileType = text.xcconfig; name = "Pods-Little-Library.release.xcconfig"; path = "Pods/Target Support Files/Pods-Little-Library/Pods-Little-Library.release.xcconfig"; sourceTree = "<group>"; };
		2310AF581D050402000449ED /* ScanViewController.swift */ = {isa = PBXFileReference; fileEncoding = 4; lastKnownFileType = sourcecode.swift; path = ScanViewController.swift; sourceTree = "<group>"; };
		2310AF5C1D050ED7000449ED /* UIAlertControllerExtensions.swift */ = {isa = PBXFileReference; fileEncoding = 4; lastKnownFileType = sourcecode.swift; path = UIAlertControllerExtensions.swift; sourceTree = "<group>"; };
		2310AF601D051892000449ED /* UIViewControllerExtensions.swift */ = {isa = PBXFileReference; fileEncoding = 4; lastKnownFileType = sourcecode.swift; path = UIViewControllerExtensions.swift; sourceTree = "<group>"; };
		2327BEBA1D027AB30011A359 /* Little-Library.app */ = {isa = PBXFileReference; explicitFileType = wrapper.application; includeInIndex = 0; path = "Little-Library.app"; sourceTree = BUILT_PRODUCTS_DIR; };
		2327BEBD1D027AB30011A359 /* AppDelegate.swift */ = {isa = PBXFileReference; lastKnownFileType = sourcecode.swift; path = AppDelegate.swift; sourceTree = "<group>"; };
		2327BEC21D027AB30011A359 /* Base */ = {isa = PBXFileReference; lastKnownFileType = file.storyboard; name = Base; path = Base.lproj/Main.storyboard; sourceTree = "<group>"; };
		2327BEC51D027AB30011A359 /* Little_Library.xcdatamodel */ = {isa = PBXFileReference; lastKnownFileType = wrapper.xcdatamodel; path = Little_Library.xcdatamodel; sourceTree = "<group>"; };
		2327BEC71D027AB30011A359 /* Assets.xcassets */ = {isa = PBXFileReference; lastKnownFileType = folder.assetcatalog; path = Assets.xcassets; sourceTree = "<group>"; };
		2327BECA1D027AB30011A359 /* Base */ = {isa = PBXFileReference; lastKnownFileType = file.storyboard; name = Base; path = Base.lproj/LaunchScreen.storyboard; sourceTree = "<group>"; };
		2327BECC1D027AB30011A359 /* Info.plist */ = {isa = PBXFileReference; lastKnownFileType = text.plist.xml; path = Info.plist; sourceTree = "<group>"; };
		2327BED11D027AB30011A359 /* Little-LibraryTests.xctest */ = {isa = PBXFileReference; explicitFileType = wrapper.cfbundle; includeInIndex = 0; path = "Little-LibraryTests.xctest"; sourceTree = BUILT_PRODUCTS_DIR; };
		2327BED51D027AB30011A359 /* Little_LibraryTests.swift */ = {isa = PBXFileReference; lastKnownFileType = sourcecode.swift; path = Little_LibraryTests.swift; sourceTree = "<group>"; };
		2327BED71D027AB30011A359 /* Info.plist */ = {isa = PBXFileReference; lastKnownFileType = text.plist.xml; path = Info.plist; sourceTree = "<group>"; };
		2327BEDC1D027AB30011A359 /* Little-LibraryUITests.xctest */ = {isa = PBXFileReference; explicitFileType = wrapper.cfbundle; includeInIndex = 0; path = "Little-LibraryUITests.xctest"; sourceTree = BUILT_PRODUCTS_DIR; };
		2327BEE01D027AB30011A359 /* Little_LibraryUITests.swift */ = {isa = PBXFileReference; lastKnownFileType = sourcecode.swift; path = Little_LibraryUITests.swift; sourceTree = "<group>"; };
		2327BEE21D027AB30011A359 /* Info.plist */ = {isa = PBXFileReference; lastKnownFileType = text.plist.xml; path = Info.plist; sourceTree = "<group>"; };
		236C4DF51D0A61390056FDD4 /* LibraryViewController.swift */ = {isa = PBXFileReference; fileEncoding = 4; lastKnownFileType = sourcecode.swift; path = LibraryViewController.swift; sourceTree = "<group>"; };
		236C4DF71D0A63AB0056FDD4 /* SearchViewController.swift */ = {isa = PBXFileReference; fileEncoding = 4; lastKnownFileType = sourcecode.swift; path = SearchViewController.swift; sourceTree = "<group>"; };
		239C82AC1D1F41B600229FD9 /* Book.swift */ = {isa = PBXFileReference; fileEncoding = 4; lastKnownFileType = sourcecode.swift; path = Book.swift; sourceTree = "<group>"; };
		239C82AE1D1F41D800229FD9 /* Library.swift */ = {isa = PBXFileReference; fileEncoding = 4; lastKnownFileType = sourcecode.swift; path = Library.swift; sourceTree = "<group>"; };
		239C82B31D1F4B2B00229FD9 /* NetworkManager.swift */ = {isa = PBXFileReference; fileEncoding = 4; lastKnownFileType = sourcecode.swift; path = NetworkManager.swift; sourceTree = "<group>"; };
		239C82B51D1F4B5600229FD9 /* Router.swift */ = {isa = PBXFileReference; fileEncoding = 4; lastKnownFileType = sourcecode.swift; path = Router.swift; sourceTree = "<group>"; };
		3507878E76BF4546E049BF8C /* Pods_Little_LibraryUITests.framework */ = {isa = PBXFileReference; explicitFileType = wrapper.framework; includeInIndex = 0; path = Pods_Little_LibraryUITests.framework; sourceTree = BUILT_PRODUCTS_DIR; };
		66A21385D003C416A0C216CC /* Pods-Little-LibraryTests.release.xcconfig */ = {isa = PBXFileReference; includeInIndex = 1; lastKnownFileType = text.xcconfig; name = "Pods-Little-LibraryTests.release.xcconfig"; path = "Pods/Target Support Files/Pods-Little-LibraryTests/Pods-Little-LibraryTests.release.xcconfig"; sourceTree = "<group>"; };
		E384E413DE20785DAF782EDF /* Pods_Little_Library.framework */ = {isa = PBXFileReference; explicitFileType = wrapper.framework; includeInIndex = 0; path = Pods_Little_Library.framework; sourceTree = BUILT_PRODUCTS_DIR; };
		E54013A1492C32ED302765D7 /* Pods-Little-Library.debug.xcconfig */ = {isa = PBXFileReference; includeInIndex = 1; lastKnownFileType = text.xcconfig; name = "Pods-Little-Library.debug.xcconfig"; path = "Pods/Target Support Files/Pods-Little-Library/Pods-Little-Library.debug.xcconfig"; sourceTree = "<group>"; };
		EF7D3FACDA3C5A4A9FBE359A /* Pods-Little-LibraryUITests.release.xcconfig */ = {isa = PBXFileReference; includeInIndex = 1; lastKnownFileType = text.xcconfig; name = "Pods-Little-LibraryUITests.release.xcconfig"; path = "Pods/Target Support Files/Pods-Little-LibraryUITests/Pods-Little-LibraryUITests.release.xcconfig"; sourceTree = "<group>"; };
		F043EFE34060EC918F8CEA65 /* Pods_Little_LibraryTests.framework */ = {isa = PBXFileReference; explicitFileType = wrapper.framework; includeInIndex = 0; path = Pods_Little_LibraryTests.framework; sourceTree = BUILT_PRODUCTS_DIR; };
/* End PBXFileReference section */

/* Begin PBXFrameworksBuildPhase section */
		2327BEB71D027AB30011A359 /* Frameworks */ = {
			isa = PBXFrameworksBuildPhase;
			buildActionMask = 2147483647;
			files = (
				843CC66CF808CFDA2984D80A /* Pods_Little_Library.framework in Frameworks */,
			);
			runOnlyForDeploymentPostprocessing = 0;
		};
		2327BECE1D027AB30011A359 /* Frameworks */ = {
			isa = PBXFrameworksBuildPhase;
			buildActionMask = 2147483647;
			files = (
				25B5A80E5A632212775D9FC7 /* Pods_Little_LibraryTests.framework in Frameworks */,
			);
			runOnlyForDeploymentPostprocessing = 0;
		};
		2327BED91D027AB30011A359 /* Frameworks */ = {
			isa = PBXFrameworksBuildPhase;
			buildActionMask = 2147483647;
			files = (
				0CD7FEE56EC3F8F26E1037B1 /* Pods_Little_LibraryUITests.framework in Frameworks */,
			);
			runOnlyForDeploymentPostprocessing = 0;
		};
/* End PBXFrameworksBuildPhase section */

/* Begin PBXGroup section */
		04ED317EAD11A834AEDD6D29 /* Frameworks */ = {
			isa = PBXGroup;
			children = (
				E384E413DE20785DAF782EDF /* Pods_Little_Library.framework */,
				F043EFE34060EC918F8CEA65 /* Pods_Little_LibraryTests.framework */,
				3507878E76BF4546E049BF8C /* Pods_Little_LibraryUITests.framework */,
			);
			name = Frameworks;
			sourceTree = "<group>";
		};
		2327BEB11D027AB30011A359 = {
			isa = PBXGroup;
			children = (
				2327BEBC1D027AB30011A359 /* Little-Library */,
				2327BED41D027AB30011A359 /* Little-LibraryTests */,
				2327BEDF1D027AB30011A359 /* Little-LibraryUITests */,
				2327BEBB1D027AB30011A359 /* Products */,
				8338914D7FED2A30578E6534 /* Pods */,
				04ED317EAD11A834AEDD6D29 /* Frameworks */,
			);
			sourceTree = "<group>";
		};
		2327BEBB1D027AB30011A359 /* Products */ = {
			isa = PBXGroup;
			children = (
				2327BEBA1D027AB30011A359 /* Little-Library.app */,
				2327BED11D027AB30011A359 /* Little-LibraryTests.xctest */,
				2327BEDC1D027AB30011A359 /* Little-LibraryUITests.xctest */,
			);
			name = Products;
			sourceTree = "<group>";
		};
		2327BEBC1D027AB30011A359 /* Little-Library */ = {
			isa = PBXGroup;
			children = (
				2327BEBD1D027AB30011A359 /* AppDelegate.swift */,
				2327BEC11D027AB30011A359 /* Main.storyboard */,
				239C82B11D1F41F600229FD9 /* Supporting Files */,
				2310AF5C1D050ED7000449ED /* UIAlertControllerExtensions.swift */,
				2310AF601D051892000449ED /* UIViewControllerExtensions.swift */,
				239C82B21D1F421400229FD9 /* ViewControllers */,
				239C82B01D1F41E400229FD9 /* Models */,
				239C82B31D1F4B2B00229FD9 /* NetworkManager.swift */,
				239C82B51D1F4B5600229FD9 /* Router.swift */,
			);
			path = "Little-Library";
			sourceTree = "<group>";
		};
		2327BED41D027AB30011A359 /* Little-LibraryTests */ = {
			isa = PBXGroup;
			children = (
				2327BED51D027AB30011A359 /* Little_LibraryTests.swift */,
				2327BED71D027AB30011A359 /* Info.plist */,
			);
			path = "Little-LibraryTests";
			sourceTree = "<group>";
		};
		2327BEDF1D027AB30011A359 /* Little-LibraryUITests */ = {
			isa = PBXGroup;
			children = (
				2327BEE01D027AB30011A359 /* Little_LibraryUITests.swift */,
				2327BEE21D027AB30011A359 /* Info.plist */,
			);
			path = "Little-LibraryUITests";
			sourceTree = "<group>";
		};
		239C82B01D1F41E400229FD9 /* Models */ = {
			isa = PBXGroup;
			children = (
				239C82AC1D1F41B600229FD9 /* Book.swift */,
				239C82AE1D1F41D800229FD9 /* Library.swift */,
			);
			name = Models;
			sourceTree = "<group>";
		};
		239C82B11D1F41F600229FD9 /* Supporting Files */ = {
			isa = PBXGroup;
			children = (
				2327BEC71D027AB30011A359 /* Assets.xcassets */,
				2327BEC91D027AB30011A359 /* LaunchScreen.storyboard */,
				2327BECC1D027AB30011A359 /* Info.plist */,
				2327BEC41D027AB30011A359 /* Little_Library.xcdatamodeld */,
			);
			name = "Supporting Files";
			sourceTree = "<group>";
		};
		239C82B21D1F421400229FD9 /* ViewControllers */ = {
			isa = PBXGroup;
			children = (
				236C4DF51D0A61390056FDD4 /* LibraryViewController.swift */,
				236C4DF71D0A63AB0056FDD4 /* SearchViewController.swift */,
				2310AF581D050402000449ED /* ScanViewController.swift */,
			);
			name = ViewControllers;
			sourceTree = "<group>";
		};
		8338914D7FED2A30578E6534 /* Pods */ = {
			isa = PBXGroup;
			children = (
				E54013A1492C32ED302765D7 /* Pods-Little-Library.debug.xcconfig */,
				07D8DE6B5985A59766E43405 /* Pods-Little-Library.release.xcconfig */,
				00DC23131CA27FEF9A7EFF5A /* Pods-Little-LibraryTests.debug.xcconfig */,
				66A21385D003C416A0C216CC /* Pods-Little-LibraryTests.release.xcconfig */,
				0622B6E4B867C0EEDA65BAC0 /* Pods-Little-LibraryUITests.debug.xcconfig */,
				EF7D3FACDA3C5A4A9FBE359A /* Pods-Little-LibraryUITests.release.xcconfig */,
			);
			name = Pods;
			sourceTree = "<group>";
		};
/* End PBXGroup section */

/* Begin PBXNativeTarget section */
		2327BEB91D027AB30011A359 /* Little-Library */ = {
			isa = PBXNativeTarget;
			buildConfigurationList = 2327BEE51D027AB30011A359 /* Build configuration list for PBXNativeTarget "Little-Library" */;
			buildPhases = (
				338E317571A3F9BC272CEA7F /* [CP] Check Pods Manifest.lock */,
				2327BEB61D027AB30011A359 /* Sources */,
				2327BEB71D027AB30011A359 /* Frameworks */,
				2327BEB81D027AB30011A359 /* Resources */,
				2C39874B380B7D9D5D9B769F /* [CP] Embed Pods Frameworks */,
				4226A9EED42CA501CCBFDC31 /* [CP] Copy Pods Resources */,
			);
			buildRules = (
			);
			dependencies = (
			);
			name = "Little-Library";
			productName = "Little-Library";
			productReference = 2327BEBA1D027AB30011A359 /* Little-Library.app */;
			productType = "com.apple.product-type.application";
		};
		2327BED01D027AB30011A359 /* Little-LibraryTests */ = {
			isa = PBXNativeTarget;
			buildConfigurationList = 2327BEE81D027AB30011A359 /* Build configuration list for PBXNativeTarget "Little-LibraryTests" */;
			buildPhases = (
				A6A80993DB1F51C337CDA474 /* [CP] Check Pods Manifest.lock */,
				2327BECD1D027AB30011A359 /* Sources */,
				2327BECE1D027AB30011A359 /* Frameworks */,
				2327BECF1D027AB30011A359 /* Resources */,
				1CEA9E7E783FC54964AF214D /* [CP] Embed Pods Frameworks */,
				079BA54EBBE28643CF82B03A /* [CP] Copy Pods Resources */,
			);
			buildRules = (
			);
			dependencies = (
				2327BED31D027AB30011A359 /* PBXTargetDependency */,
			);
			name = "Little-LibraryTests";
			productName = "Little-LibraryTests";
			productReference = 2327BED11D027AB30011A359 /* Little-LibraryTests.xctest */;
			productType = "com.apple.product-type.bundle.unit-test";
		};
		2327BEDB1D027AB30011A359 /* Little-LibraryUITests */ = {
			isa = PBXNativeTarget;
			buildConfigurationList = 2327BEEB1D027AB30011A359 /* Build configuration list for PBXNativeTarget "Little-LibraryUITests" */;
			buildPhases = (
				588F8AB2DA731AC20A0E59AA /* [CP] Check Pods Manifest.lock */,
				2327BED81D027AB30011A359 /* Sources */,
				2327BED91D027AB30011A359 /* Frameworks */,
				2327BEDA1D027AB30011A359 /* Resources */,
				942925141A6BDD4A2F1F4739 /* [CP] Copy Pods Resources */,
			);
			buildRules = (
			);
			dependencies = (
				2327BEDE1D027AB30011A359 /* PBXTargetDependency */,
			);
			name = "Little-LibraryUITests";
			productName = "Little-LibraryUITests";
			productReference = 2327BEDC1D027AB30011A359 /* Little-LibraryUITests.xctest */;
			productType = "com.apple.product-type.bundle.ui-testing";
		};
/* End PBXNativeTarget section */

/* Begin PBXProject section */
		2327BEB21D027AB30011A359 /* Project object */ = {
			isa = PBXProject;
			attributes = {
				LastSwiftUpdateCheck = 0730;
				LastUpgradeCheck = 0730;
				ORGANIZATIONNAME = GLR;
				TargetAttributes = {
					2327BEB91D027AB30011A359 = {
						CreatedOnToolsVersion = 7.3.1;
					};
					2327BED01D027AB30011A359 = {
						CreatedOnToolsVersion = 7.3.1;
						TestTargetID = 2327BEB91D027AB30011A359;
					};
					2327BEDB1D027AB30011A359 = {
						CreatedOnToolsVersion = 7.3.1;
						TestTargetID = 2327BEB91D027AB30011A359;
					};
				};
			};
			buildConfigurationList = 2327BEB51D027AB30011A359 /* Build configuration list for PBXProject "Little-Library" */;
			compatibilityVersion = "Xcode 3.2";
			developmentRegion = English;
			hasScannedForEncodings = 0;
			knownRegions = (
				en,
				Base,
			);
			mainGroup = 2327BEB11D027AB30011A359;
			productRefGroup = 2327BEBB1D027AB30011A359 /* Products */;
			projectDirPath = "";
			projectRoot = "";
			targets = (
				2327BEB91D027AB30011A359 /* Little-Library */,
				2327BED01D027AB30011A359 /* Little-LibraryTests */,
				2327BEDB1D027AB30011A359 /* Little-LibraryUITests */,
			);
		};
/* End PBXProject section */

/* Begin PBXResourcesBuildPhase section */
		2327BEB81D027AB30011A359 /* Resources */ = {
			isa = PBXResourcesBuildPhase;
			buildActionMask = 2147483647;
			files = (
				2327BECB1D027AB30011A359 /* LaunchScreen.storyboard in Resources */,
				2327BEC81D027AB30011A359 /* Assets.xcassets in Resources */,
				2327BEC31D027AB30011A359 /* Main.storyboard in Resources */,
			);
			runOnlyForDeploymentPostprocessing = 0;
		};
		2327BECF1D027AB30011A359 /* Resources */ = {
			isa = PBXResourcesBuildPhase;
			buildActionMask = 2147483647;
			files = (
			);
			runOnlyForDeploymentPostprocessing = 0;
		};
		2327BEDA1D027AB30011A359 /* Resources */ = {
			isa = PBXResourcesBuildPhase;
			buildActionMask = 2147483647;
			files = (
			);
			runOnlyForDeploymentPostprocessing = 0;
		};
/* End PBXResourcesBuildPhase section */

/* Begin PBXShellScriptBuildPhase section */
		079BA54EBBE28643CF82B03A /* [CP] Copy Pods Resources */ = {
			isa = PBXShellScriptBuildPhase;
			buildActionMask = 2147483647;
			files = (
			);
			inputPaths = (
			);
			name = "[CP] Copy Pods Resources";
			outputPaths = (
			);
			runOnlyForDeploymentPostprocessing = 0;
			shellPath = /bin/sh;
			shellScript = "\"${SRCROOT}/Pods/Target Support Files/Pods-Little-LibraryTests/Pods-Little-LibraryTests-resources.sh\"\n";
			showEnvVarsInLog = 0;
		};
		1CEA9E7E783FC54964AF214D /* [CP] Embed Pods Frameworks */ = {
			isa = PBXShellScriptBuildPhase;
			buildActionMask = 2147483647;
			files = (
			);
			inputPaths = (
			);
			name = "[CP] Embed Pods Frameworks";
			outputPaths = (
			);
			runOnlyForDeploymentPostprocessing = 0;
			shellPath = /bin/sh;
			shellScript = "\"${SRCROOT}/Pods/Target Support Files/Pods-Little-LibraryTests/Pods-Little-LibraryTests-frameworks.sh\"\n";
			showEnvVarsInLog = 0;
		};
		2C39874B380B7D9D5D9B769F /* [CP] Embed Pods Frameworks */ = {
			isa = PBXShellScriptBuildPhase;
			buildActionMask = 2147483647;
			files = (
			);
			inputPaths = (
			);
			name = "[CP] Embed Pods Frameworks";
			outputPaths = (
			);
			runOnlyForDeploymentPostprocessing = 0;
			shellPath = /bin/sh;
			shellScript = "\"${SRCROOT}/Pods/Target Support Files/Pods-Little-Library/Pods-Little-Library-frameworks.sh\"\n";
			showEnvVarsInLog = 0;
		};
		338E317571A3F9BC272CEA7F /* [CP] Check Pods Manifest.lock */ = {
			isa = PBXShellScriptBuildPhase;
			buildActionMask = 2147483647;
			files = (
			);
			inputPaths = (
			);
			name = "[CP] Check Pods Manifest.lock";
			outputPaths = (
			);
			runOnlyForDeploymentPostprocessing = 0;
			shellPath = /bin/sh;
			shellScript = "diff \"${PODS_ROOT}/../Podfile.lock\" \"${PODS_ROOT}/Manifest.lock\" > /dev/null\nif [[ $? != 0 ]] ; then\n    cat << EOM\nerror: The sandbox is not in sync with the Podfile.lock. Run 'pod install' or update your CocoaPods installation.\nEOM\n    exit 1\nfi\n";
			showEnvVarsInLog = 0;
		};
		4226A9EED42CA501CCBFDC31 /* [CP] Copy Pods Resources */ = {
			isa = PBXShellScriptBuildPhase;
			buildActionMask = 2147483647;
			files = (
			);
			inputPaths = (
			);
			name = "[CP] Copy Pods Resources";
			outputPaths = (
			);
			runOnlyForDeploymentPostprocessing = 0;
			shellPath = /bin/sh;
			shellScript = "\"${SRCROOT}/Pods/Target Support Files/Pods-Little-Library/Pods-Little-Library-resources.sh\"\n";
			showEnvVarsInLog = 0;
		};
		588F8AB2DA731AC20A0E59AA /* [CP] Check Pods Manifest.lock */ = {
			isa = PBXShellScriptBuildPhase;
			buildActionMask = 2147483647;
			files = (
			);
			inputPaths = (
			);
			name = "[CP] Check Pods Manifest.lock";
			outputPaths = (
			);
			runOnlyForDeploymentPostprocessing = 0;
			shellPath = /bin/sh;
			shellScript = "diff \"${PODS_ROOT}/../Podfile.lock\" \"${PODS_ROOT}/Manifest.lock\" > /dev/null\nif [[ $? != 0 ]] ; then\n    cat << EOM\nerror: The sandbox is not in sync with the Podfile.lock. Run 'pod install' or update your CocoaPods installation.\nEOM\n    exit 1\nfi\n";
			showEnvVarsInLog = 0;
		};
		942925141A6BDD4A2F1F4739 /* [CP] Copy Pods Resources */ = {
			isa = PBXShellScriptBuildPhase;
			buildActionMask = 2147483647;
			files = (
			);
			inputPaths = (
			);
			name = "[CP] Copy Pods Resources";
			outputPaths = (
			);
			runOnlyForDeploymentPostprocessing = 0;
			shellPath = /bin/sh;
			shellScript = "\"${SRCROOT}/Pods/Target Support Files/Pods-Little-LibraryUITests/Pods-Little-LibraryUITests-resources.sh\"\n";
			showEnvVarsInLog = 0;
		};
		A6A80993DB1F51C337CDA474 /* [CP] Check Pods Manifest.lock */ = {
			isa = PBXShellScriptBuildPhase;
			buildActionMask = 2147483647;
			files = (
			);
			inputPaths = (
			);
			name = "[CP] Check Pods Manifest.lock";
			outputPaths = (
			);
			runOnlyForDeploymentPostprocessing = 0;
			shellPath = /bin/sh;
			shellScript = "diff \"${PODS_ROOT}/../Podfile.lock\" \"${PODS_ROOT}/Manifest.lock\" > /dev/null\nif [[ $? != 0 ]] ; then\n    cat << EOM\nerror: The sandbox is not in sync with the Podfile.lock. Run 'pod install' or update your CocoaPods installation.\nEOM\n    exit 1\nfi\n";
			showEnvVarsInLog = 0;
		};
/* End PBXShellScriptBuildPhase section */

/* Begin PBXSourcesBuildPhase section */
		2327BEB61D027AB30011A359 /* Sources */ = {
			isa = PBXSourcesBuildPhase;
			buildActionMask = 2147483647;
			files = (
				239C82B61D1F4B5600229FD9 /* Router.swift in Sources */,
				239C82AD1D1F41B600229FD9 /* Book.swift in Sources */,
				2327BEC61D027AB30011A359 /* Little_Library.xcdatamodeld in Sources */,
				239C82B41D1F4B2B00229FD9 /* NetworkManager.swift in Sources */,
				236C4DF81D0A63AB0056FDD4 /* SearchViewController.swift in Sources */,
				2327BEBE1D027AB30011A359 /* AppDelegate.swift in Sources */,
				2310AF611D051892000449ED /* UIViewControllerExtensions.swift in Sources */,
				2310AF5D1D050ED7000449ED /* UIAlertControllerExtensions.swift in Sources */,
				236C4DF61D0A61390056FDD4 /* LibraryViewController.swift in Sources */,
				2310AF591D050402000449ED /* ScanViewController.swift in Sources */,
				239C82AF1D1F41D800229FD9 /* Library.swift in Sources */,
			);
			runOnlyForDeploymentPostprocessing = 0;
		};
		2327BECD1D027AB30011A359 /* Sources */ = {
			isa = PBXSourcesBuildPhase;
			buildActionMask = 2147483647;
			files = (
				2310AF621D051892000449ED /* UIViewControllerExtensions.swift in Sources */,
				2327BED61D027AB30011A359 /* Little_LibraryTests.swift in Sources */,
				2310AF5E1D050ED7000449ED /* UIAlertControllerExtensions.swift in Sources */,
				2310AF5A1D050402000449ED /* ScanViewController.swift in Sources */,
			);
			runOnlyForDeploymentPostprocessing = 0;
		};
		2327BED81D027AB30011A359 /* Sources */ = {
			isa = PBXSourcesBuildPhase;
			buildActionMask = 2147483647;
			files = (
				2310AF631D051892000449ED /* UIViewControllerExtensions.swift in Sources */,
				2327BEE11D027AB30011A359 /* Little_LibraryUITests.swift in Sources */,
				2310AF5F1D050ED7000449ED /* UIAlertControllerExtensions.swift in Sources */,
				2310AF5B1D050402000449ED /* ScanViewController.swift in Sources */,
			);
			runOnlyForDeploymentPostprocessing = 0;
		};
/* End PBXSourcesBuildPhase section */

/* Begin PBXTargetDependency section */
		2327BED31D027AB30011A359 /* PBXTargetDependency */ = {
			isa = PBXTargetDependency;
			target = 2327BEB91D027AB30011A359 /* Little-Library */;
			targetProxy = 2327BED21D027AB30011A359 /* PBXContainerItemProxy */;
		};
		2327BEDE1D027AB30011A359 /* PBXTargetDependency */ = {
			isa = PBXTargetDependency;
			target = 2327BEB91D027AB30011A359 /* Little-Library */;
			targetProxy = 2327BEDD1D027AB30011A359 /* PBXContainerItemProxy */;
		};
/* End PBXTargetDependency section */

/* Begin PBXVariantGroup section */
		2327BEC11D027AB30011A359 /* Main.storyboard */ = {
			isa = PBXVariantGroup;
			children = (
				2327BEC21D027AB30011A359 /* Base */,
			);
			name = Main.storyboard;
			sourceTree = "<group>";
		};
		2327BEC91D027AB30011A359 /* LaunchScreen.storyboard */ = {
			isa = PBXVariantGroup;
			children = (
				2327BECA1D027AB30011A359 /* Base */,
			);
			name = LaunchScreen.storyboard;
			sourceTree = "<group>";
		};
/* End PBXVariantGroup section */

/* Begin XCBuildConfiguration section */
		2327BEE31D027AB30011A359 /* Debug */ = {
			isa = XCBuildConfiguration;
			buildSettings = {
				ALWAYS_SEARCH_USER_PATHS = NO;
				CLANG_ANALYZER_NONNULL = YES;
				CLANG_CXX_LANGUAGE_STANDARD = "gnu++0x";
				CLANG_CXX_LIBRARY = "libc++";
				CLANG_ENABLE_MODULES = YES;
				CLANG_ENABLE_OBJC_ARC = YES;
				CLANG_WARN_BOOL_CONVERSION = YES;
				CLANG_WARN_CONSTANT_CONVERSION = YES;
				CLANG_WARN_DIRECT_OBJC_ISA_USAGE = YES_ERROR;
				CLANG_WARN_EMPTY_BODY = YES;
				CLANG_WARN_ENUM_CONVERSION = YES;
				CLANG_WARN_INT_CONVERSION = YES;
				CLANG_WARN_OBJC_ROOT_CLASS = YES_ERROR;
				CLANG_WARN_UNREACHABLE_CODE = YES;
				CLANG_WARN__DUPLICATE_METHOD_MATCH = YES;
				"CODE_SIGN_IDENTITY[sdk=iphoneos*]" = "iPhone Developer";
				COPY_PHASE_STRIP = NO;
				DEBUG_INFORMATION_FORMAT = dwarf;
				ENABLE_STRICT_OBJC_MSGSEND = YES;
				ENABLE_TESTABILITY = YES;
				GCC_C_LANGUAGE_STANDARD = gnu99;
				GCC_DYNAMIC_NO_PIC = NO;
				GCC_NO_COMMON_BLOCKS = YES;
				GCC_OPTIMIZATION_LEVEL = 0;
				GCC_PREPROCESSOR_DEFINITIONS = (
					"DEBUG=1",
					"$(inherited)",
				);
				GCC_WARN_64_TO_32_BIT_CONVERSION = YES;
				GCC_WARN_ABOUT_RETURN_TYPE = YES_ERROR;
				GCC_WARN_UNDECLARED_SELECTOR = YES;
				GCC_WARN_UNINITIALIZED_AUTOS = YES_AGGRESSIVE;
				GCC_WARN_UNUSED_FUNCTION = YES;
				GCC_WARN_UNUSED_VARIABLE = YES;
				IPHONEOS_DEPLOYMENT_TARGET = 9.3;
				MTL_ENABLE_DEBUG_INFO = YES;
				ONLY_ACTIVE_ARCH = YES;
				SDKROOT = iphoneos;
				SWIFT_OPTIMIZATION_LEVEL = "-Onone";
			};
			name = Debug;
		};
		2327BEE41D027AB30011A359 /* Release */ = {
			isa = XCBuildConfiguration;
			buildSettings = {
				ALWAYS_SEARCH_USER_PATHS = NO;
				CLANG_ANALYZER_NONNULL = YES;
				CLANG_CXX_LANGUAGE_STANDARD = "gnu++0x";
				CLANG_CXX_LIBRARY = "libc++";
				CLANG_ENABLE_MODULES = YES;
				CLANG_ENABLE_OBJC_ARC = YES;
				CLANG_WARN_BOOL_CONVERSION = YES;
				CLANG_WARN_CONSTANT_CONVERSION = YES;
				CLANG_WARN_DIRECT_OBJC_ISA_USAGE = YES_ERROR;
				CLANG_WARN_EMPTY_BODY = YES;
				CLANG_WARN_ENUM_CONVERSION = YES;
				CLANG_WARN_INT_CONVERSION = YES;
				CLANG_WARN_OBJC_ROOT_CLASS = YES_ERROR;
				CLANG_WARN_UNREACHABLE_CODE = YES;
				CLANG_WARN__DUPLICATE_METHOD_MATCH = YES;
				"CODE_SIGN_IDENTITY[sdk=iphoneos*]" = "iPhone Developer";
				COPY_PHASE_STRIP = NO;
				DEBUG_INFORMATION_FORMAT = "dwarf-with-dsym";
				ENABLE_NS_ASSERTIONS = NO;
				ENABLE_STRICT_OBJC_MSGSEND = YES;
				GCC_C_LANGUAGE_STANDARD = gnu99;
				GCC_NO_COMMON_BLOCKS = YES;
				GCC_WARN_64_TO_32_BIT_CONVERSION = YES;
				GCC_WARN_ABOUT_RETURN_TYPE = YES_ERROR;
				GCC_WARN_UNDECLARED_SELECTOR = YES;
				GCC_WARN_UNINITIALIZED_AUTOS = YES_AGGRESSIVE;
				GCC_WARN_UNUSED_FUNCTION = YES;
				GCC_WARN_UNUSED_VARIABLE = YES;
				IPHONEOS_DEPLOYMENT_TARGET = 9.3;
				MTL_ENABLE_DEBUG_INFO = NO;
				SDKROOT = iphoneos;
				VALIDATE_PRODUCT = YES;
			};
			name = Release;
		};
		2327BEE61D027AB30011A359 /* Debug */ = {
			isa = XCBuildConfiguration;
			baseConfigurationReference = E54013A1492C32ED302765D7 /* Pods-Little-Library.debug.xcconfig */;
			buildSettings = {
				ASSETCATALOG_COMPILER_APPICON_NAME = AppIcon;
				INFOPLIST_FILE = "Little-Library/Info.plist";
				LD_RUNPATH_SEARCH_PATHS = "$(inherited) @executable_path/Frameworks";
				PRODUCT_BUNDLE_IDENTIFIER = "com.GLR.Little-Library";
				PRODUCT_NAME = "$(TARGET_NAME)";
			};
			name = Debug;
		};
		2327BEE71D027AB30011A359 /* Release */ = {
			isa = XCBuildConfiguration;
			baseConfigurationReference = 07D8DE6B5985A59766E43405 /* Pods-Little-Library.release.xcconfig */;
			buildSettings = {
				ASSETCATALOG_COMPILER_APPICON_NAME = AppIcon;
				INFOPLIST_FILE = "Little-Library/Info.plist";
				LD_RUNPATH_SEARCH_PATHS = "$(inherited) @executable_path/Frameworks";
				PRODUCT_BUNDLE_IDENTIFIER = "com.GLR.Little-Library";
				PRODUCT_NAME = "$(TARGET_NAME)";
			};
			name = Release;
		};
		2327BEE91D027AB30011A359 /* Debug */ = {
			isa = XCBuildConfiguration;
			baseConfigurationReference = 00DC23131CA27FEF9A7EFF5A /* Pods-Little-LibraryTests.debug.xcconfig */;
			buildSettings = {
				BUNDLE_LOADER = "$(TEST_HOST)";
				INFOPLIST_FILE = "Little-LibraryTests/Info.plist";
				LD_RUNPATH_SEARCH_PATHS = "$(inherited) @executable_path/Frameworks @loader_path/Frameworks";
				PRODUCT_BUNDLE_IDENTIFIER = "com.GLR.Little-LibraryTests";
				PRODUCT_NAME = "$(TARGET_NAME)";
				TEST_HOST = "$(BUILT_PRODUCTS_DIR)/Little-Library.app/Little-Library";
			};
			name = Debug;
		};
		2327BEEA1D027AB30011A359 /* Release */ = {
			isa = XCBuildConfiguration;
			baseConfigurationReference = 66A21385D003C416A0C216CC /* Pods-Little-LibraryTests.release.xcconfig */;
			buildSettings = {
				BUNDLE_LOADER = "$(TEST_HOST)";
				INFOPLIST_FILE = "Little-LibraryTests/Info.plist";
				LD_RUNPATH_SEARCH_PATHS = "$(inherited) @executable_path/Frameworks @loader_path/Frameworks";
				PRODUCT_BUNDLE_IDENTIFIER = "com.GLR.Little-LibraryTests";
				PRODUCT_NAME = "$(TARGET_NAME)";
				TEST_HOST = "$(BUILT_PRODUCTS_DIR)/Little-Library.app/Little-Library";
			};
			name = Release;
		};
		2327BEEC1D027AB30011A359 /* Debug */ = {
			isa = XCBuildConfiguration;
			baseConfigurationReference = 0622B6E4B867C0EEDA65BAC0 /* Pods-Little-LibraryUITests.debug.xcconfig */;
			buildSettings = {
				INFOPLIST_FILE = "Little-LibraryUITests/Info.plist";
				LD_RUNPATH_SEARCH_PATHS = "$(inherited) @executable_path/Frameworks @loader_path/Frameworks";
				PRODUCT_BUNDLE_IDENTIFIER = "com.GLR.Little-LibraryUITests";
				PRODUCT_NAME = "$(TARGET_NAME)";
				TEST_TARGET_NAME = "Little-Library";
			};
			name = Debug;
		};
		2327BEED1D027AB30011A359 /* Release */ = {
			isa = XCBuildConfiguration;
			baseConfigurationReference = EF7D3FACDA3C5A4A9FBE359A /* Pods-Little-LibraryUITests.release.xcconfig */;
			buildSettings = {
				INFOPLIST_FILE = "Little-LibraryUITests/Info.plist";
				LD_RUNPATH_SEARCH_PATHS = "$(inherited) @executable_path/Frameworks @loader_path/Frameworks";
				PRODUCT_BUNDLE_IDENTIFIER = "com.GLR.Little-LibraryUITests";
				PRODUCT_NAME = "$(TARGET_NAME)";
				TEST_TARGET_NAME = "Little-Library";
			};
			name = Release;
		};
/* End XCBuildConfiguration section */

/* Begin XCConfigurationList section */
		2327BEB51D027AB30011A359 /* Build configuration list for PBXProject "Little-Library" */ = {
			isa = XCConfigurationList;
			buildConfigurations = (
				2327BEE31D027AB30011A359 /* Debug */,
				2327BEE41D027AB30011A359 /* Release */,
			);
			defaultConfigurationIsVisible = 0;
			defaultConfigurationName = Release;
		};
		2327BEE51D027AB30011A359 /* Build configuration list for PBXNativeTarget "Little-Library" */ = {
			isa = XCConfigurationList;
			buildConfigurations = (
				2327BEE61D027AB30011A359 /* Debug */,
				2327BEE71D027AB30011A359 /* Release */,
			);
			defaultConfigurationIsVisible = 0;
			defaultConfigurationName = Release;
		};
		2327BEE81D027AB30011A359 /* Build configuration list for PBXNativeTarget "Little-LibraryTests" */ = {
			isa = XCConfigurationList;
			buildConfigurations = (
				2327BEE91D027AB30011A359 /* Debug */,
				2327BEEA1D027AB30011A359 /* Release */,
			);
			defaultConfigurationIsVisible = 0;
			defaultConfigurationName = Release;
		};
		2327BEEB1D027AB30011A359 /* Build configuration list for PBXNativeTarget "Little-LibraryUITests" */ = {
			isa = XCConfigurationList;
			buildConfigurations = (
				2327BEEC1D027AB30011A359 /* Debug */,
				2327BEED1D027AB30011A359 /* Release */,
			);
			defaultConfigurationIsVisible = 0;
			defaultConfigurationName = Release;
		};
/* End XCConfigurationList section */

/* Begin XCVersionGroup section */
		2327BEC41D027AB30011A359 /* Little_Library.xcdatamodeld */ = {
			isa = XCVersionGroup;
			children = (
				2327BEC51D027AB30011A359 /* Little_Library.xcdatamodel */,
			);
			currentVersion = 2327BEC51D027AB30011A359 /* Little_Library.xcdatamodel */;
			path = Little_Library.xcdatamodeld;
			sourceTree = "<group>";
			versionGroupType = wrapper.xcdatamodel;
		};
/* End XCVersionGroup section */
	};
	rootObject = 2327BEB21D027AB30011A359 /* Project object */;
}
